
Microsoft Visual Studio Solution File, Format Version 12.00
# Visual Studio Version 17
VisualStudioVersion = 17.13.35913.81 d17.13
MinimumVisualStudioVersion = 10.0.40219.1
Project("{FAE04EC0-301F-11D3-BF4B-00C04F79EFBC}") = "Exercicio_5", "Exercicio_5\Exercicio_5.csproj", "{7CFFF3A4-D9BE-4724-87FE-9EC7388425AB}"
EndProject
Global
	GlobalSection(SolutionConfigurationPlatforms) = preSolution
		Debug|Any CPU = Debug|Any CPU
		Release|Any CPU = Release|Any CPU
	EndGlobalSection
	GlobalSection(ProjectConfigurationPlatforms) = postSolution
		{7CFFF3A4-D9BE-4724-87FE-9EC7388425AB}.Debug|Any CPU.ActiveCfg = Debug|Any CPU
		{7CFFF3A4-D9BE-4724-87FE-9EC7388425AB}.Debug|Any CPU.Build.0 = Debug|Any CPU
		{7CFFF3A4-D9BE-4724-87FE-9EC7388425AB}.Release|Any CPU.ActiveCfg = Release|Any CPU
		{7CFFF3A4-D9BE-4724-87FE-9EC7388425AB}.Release|Any CPU.Build.0 = Release|Any CPU
	EndGlobalSection
	GlobalSection(SolutionProperties) = preSolution
		HideSolutionNode = FALSE
	EndGlobalSection
	GlobalSection(ExtensibilityGlobals) = postSolution
		SolutionGuid = {D8A826F0-B93F-4213-8C1C-118E4AFBE5B4}
	EndGlobalSection
EndGlobal
