Microsoft Visual Studio Solution File, Format Version 12.00
# Visual Studio Version 17
VisualStudioVersion = 17.5.2.0
MinimumVisualStudioVersion = 10.0.40219.1
Project("{FAE04EC0-301F-11D3-BF4B-00C04F79EFBC}") = "Exercicio_3", "Exercicio_3.csproj", "{06745084-D608-A616-DFFA-2182F732FA2D}"
EndProject
Global
	GlobalSection(SolutionConfigurationPlatforms) = preSolution
		Debug|Any CPU = Debug|Any CPU
		Release|Any CPU = Release|Any CPU
	EndGlobalSection
	GlobalSection(ProjectConfigurationPlatforms) = postSolution
		{06745084-D608-A616-DFFA-2182F732FA2D}.Debug|Any CPU.ActiveCfg = Debug|Any CPU
		{06745084-D608-A616-DFFA-2182F732FA2D}.Debug|Any CPU.Build.0 = Debug|Any CPU
		{06745084-D608-A616-DFFA-2182F732FA2D}.Release|Any CPU.ActiveCfg = Release|Any CPU
		{06745084-D608-A616-DFFA-2182F732FA2D}.Release|Any CPU.Build.0 = Release|Any CPU
	EndGlobalSection
	GlobalSection(SolutionProperties) = preSolution
		HideSolutionNode = FALSE
	EndGlobalSection
	GlobalSection(ExtensibilityGlobals) = postSolution
		SolutionGuid = {0BC8C42A-B29E-4B39-A1AE-D7028BAD3555}
	EndGlobalSection
EndGlobal
