Microsoft Visual Studio Solution File, Format Version 12.00
# Visual Studio Version 17
VisualStudioVersion = 17.5.2.0
MinimumVisualStudioVersion = 10.0.40219.1
Project("{FAE04EC0-301F-11D3-BF4B-00C04F79EFBC}") = "Exercicio_1", "Exercicio_1.csproj", "{D0A11E07-1F6D-CCFE-8BF8-41FAD38EDCDA}"
EndProject
Global
	GlobalSection(SolutionConfigurationPlatforms) = preSolution
		Debug|Any CPU = Debug|Any CPU
		Release|Any CPU = Release|Any CPU
	EndGlobalSection
	GlobalSection(ProjectConfigurationPlatforms) = postSolution
		{D0A11E07-1F6D-CCFE-8BF8-41FAD38EDCDA}.Debug|Any CPU.ActiveCfg = Debug|Any CPU
		{D0A11E07-1F6D-CCFE-8BF8-41FAD38EDCDA}.Debug|Any CPU.Build.0 = Debug|Any CPU
		{D0A11E07-1F6D-CCFE-8BF8-41FAD38EDCDA}.Release|Any CPU.ActiveCfg = Release|Any CPU
		{D0A11E07-1F6D-CCFE-8BF8-41FAD38EDCDA}.Release|Any CPU.Build.0 = Release|Any CPU
	EndGlobalSection
	GlobalSection(SolutionProperties) = preSolution
		HideSolutionNode = FALSE
	EndGlobalSection
	GlobalSection(ExtensibilityGlobals) = postSolution
		SolutionGuid = {F5C69F2A-C9FA-403C-B7FD-574DEAACB93A}
	EndGlobalSection
EndGlobal
